{
  "requires": true,
  "lockfileVersion": 1,
  "dependencies": {
    "@omensi/world_clock": {
      "version": "1.0.5",
      "resolved": "https://registry.npmjs.org/@omensi/world_clock/-/world_clock-1.0.5.tgz",
      "integrity": "sha512-DcVy+0DEa7zeOjscAvIjqyVuCJlczK4K4cA/wUAHSZAX3qSGKhiqRMXu1WIKWhQ6GeWta9ql59BDLINzxs2/oA=="
    },
    "js-joda": {
      "version": "1.11.0",
      "resolved": "https://registry.npmjs.org/js-joda/-/js-joda-1.11.0.tgz",
      "integrity": "sha512-/HJpRhwP2fPyuSsCaZuoVJuaSIt8tUXykV4wOMRXrFk7RP9h9VWaFdS9YHKdMepxb/3TdXpL6IhfC9L0sqYVBw=="
    },
    "jspack": {
      "version": "0.0.4",
      "resolved": "https://registry.npmjs.org/jspack/-/jspack-0.0.4.tgz",
      "integrity": "sha1-Mt01x/3LPjRWwY+7fvntC8YjgXc="
    },
    "world-clock": {
      "version": "1.4.0",
      "resolved": "https://registry.npmjs.org/world-clock/-/world-clock-1.4.0.tgz",
      "integrity": "sha512-VboPIm+xsHQsy0LIAaHOubIGog/AQCy2sUFSz7Pbi908/j6NVacvgHt0qfoX9q8XDOSe1G9feNp5NIpAqqdh+A==",
      "requires": {
        "js-joda": "^1.9.2",
        "zoneinfo": "^0.1.8"
      }
    },
    "zoneinfo": {
      "version": "0.1.8",
      "resolved": "https://registry.npmjs.org/zoneinfo/-/zoneinfo-0.1.8.tgz",
      "integrity": "sha1-GtSVisfvF0Z2fqLNX2rMMsZ27DY=",
      "requires": {
        "jspack": ">= 0.0.1"
      }
    }
  }
}
